// !$*UTF8*$!
{
	archiveVersion = 1;
	classes = {
	};
	objectVersion = 55;
	objects = {

/* Begin PBXBuildFile section */
		8A0BAE1127E22D95002DD371 /* DetailsView.swift in Sources */ = {isa = PBXBuildFile; fileRef = 8A0BAE1027E22D95002DD371 /* DetailsView.swift */; };
		8A0BAE1527E22DD0002DD371 /* DetailsViewModel.swift in Sources */ = {isa = PBXBuildFile; fileRef = 8A0BAE1427E22DD0002DD371 /* DetailsViewModel.swift */; };
		8A12ACB72800CDBA003018C7 /* movieAppTests.swift in Sources */ = {isa = PBXBuildFile; fileRef = 8A12ACB62800CDBA003018C7 /* movieAppTests.swift */; };
		8A12ACBF2800CF0B003018C7 /* FavoriteServiceTests.swift in Sources */ = {isa = PBXBuildFile; fileRef = 8A12ACBE2800CF0B003018C7 /* FavoriteServiceTests.swift */; };
		8A12ACC22800D2CC003018C7 /* moviesMock.json in Resources */ = {isa = PBXBuildFile; fileRef = 8A12ACC12800D2CC003018C7 /* moviesMock.json */; };
		8A12ACC52800D3EC003018C7 /* Bundle+Extensions.swift in Sources */ = {isa = PBXBuildFile; fileRef = 8A12ACC42800D3EC003018C7 /* Bundle+Extensions.swift */; };
		8A12ACC72800D4F5003018C7 /* Bundle+Extensions.swift in Sources */ = {isa = PBXBuildFile; fileRef = 8A12ACC42800D3EC003018C7 /* Bundle+Extensions.swift */; };
		8A17FD69281869AB007D6400 /* UserSessionSingleton.swift in Sources */ = {isa = PBXBuildFile; fileRef = 8A17FD68281869AB007D6400 /* UserSessionSingleton.swift */; };
		8A17FD6B28186A1F007D6400 /* UserSession.swift in Sources */ = {isa = PBXBuildFile; fileRef = 8A17FD6A28186A1F007D6400 /* UserSession.swift */; };
		8A1802492808B825007493CC /* Validator.swift in Sources */ = {isa = PBXBuildFile; fileRef = 8A1802482808B825007493CC /* Validator.swift */; };
		8A18024B2808BB7F007493CC /* NSRegularExpression+Extensions.swift in Sources */ = {isa = PBXBuildFile; fileRef = 8A18024A2808BB7F007493CC /* NSRegularExpression+Extensions.swift */; };
		8A18024D2808BCD1007493CC /* ValidatorTest.swift in Sources */ = {isa = PBXBuildFile; fileRef = 8A18024C2808BCD1007493CC /* ValidatorTest.swift */; };
		8A1BB8B827F5C3BD00056B3A /* FavoritesView.swift in Sources */ = {isa = PBXBuildFile; fileRef = 8A1BB8B727F5C3BD00056B3A /* FavoritesView.swift */; };
		8A1BB8BA27F5C3D300056B3A /* MenuView.swift in Sources */ = {isa = PBXBuildFile; fileRef = 8A1BB8B927F5C3D300056B3A /* MenuView.swift */; };
		8A2D106D27C983CB0002432C /* MovieApp.swift in Sources */ = {isa = PBXBuildFile; fileRef = 8A2D106C27C983CB0002432C /* MovieApp.swift */; };
		8A2D106F27C983CB0002432C /* HomeView.swift in Sources */ = {isa = PBXBuildFile; fileRef = 8A2D106E27C983CB0002432C /* HomeView.swift */; };
		8A2D107127C983CD0002432C /* Assets.xcassets in Resources */ = {isa = PBXBuildFile; fileRef = 8A2D107027C983CD0002432C /* Assets.xcassets */; };
		8A2D107427C983CD0002432C /* Preview Assets.xcassets in Resources */ = {isa = PBXBuildFile; fileRef = 8A2D107327C983CD0002432C /* Preview Assets.xcassets */; };
		8A65CE8C280040F5006B9398 /* TabBar in Frameworks */ = {isa = PBXBuildFile; productRef = 8A65CE8B280040F5006B9398 /* TabBar */; };
		8A69E44D27F5B63500847DEB /* ComponentsDetailsView.swift in Sources */ = {isa = PBXBuildFile; fileRef = 8A69E44C27F5B63500847DEB /* ComponentsDetailsView.swift */; };
		8A6A09CA27D8BDF800B19B4E /* HomeViewModel.swift in Sources */ = {isa = PBXBuildFile; fileRef = 8A6A09C927D8BDF800B19B4E /* HomeViewModel.swift */; };
		8A74041827D784AA003DAA46 /* MovieResponse.swift in Sources */ = {isa = PBXBuildFile; fileRef = 8A74041727D784AA003DAA46 /* MovieResponse.swift */; };
		8A8D54DE27F46F2F003665C3 /* FavoriteType.swift in Sources */ = {isa = PBXBuildFile; fileRef = 8A8D54DD27F46F2F003665C3 /* FavoriteType.swift */; };
		8A9768EC280EBEFA00BEDB94 /* ValidadeState.swift in Sources */ = {isa = PBXBuildFile; fileRef = 8A9768EB280EBEFA00BEDB94 /* ValidadeState.swift */; };
		8A9768F0280ECAFD00BEDB94 /* TextFieldValidationModifier.swift in Sources */ = {isa = PBXBuildFile; fileRef = 8A9768EF280ECAFD00BEDB94 /* TextFieldValidationModifier.swift */; };
		8AABFA4027F7526400432991 /* FavoritesViewModel.swift in Sources */ = {isa = PBXBuildFile; fileRef = 8AABFA3F27F7526400432991 /* FavoritesViewModel.swift */; };
		8AB1F31827D5448200CB0B29 /* Pods_movieApp.framework in Frameworks */ = {isa = PBXBuildFile; fileRef = 1FFCE22A9979EFC77C197674 /* Pods_movieApp.framework */; };
		8ABB35A72807652200247306 /* KeychainStorageType.swift in Sources */ = {isa = PBXBuildFile; fileRef = 8ABB35A62807652200247306 /* KeychainStorageType.swift */; };
		8ABB35AB2807686100247306 /* KeychainSwift in Frameworks */ = {isa = PBXBuildFile; productRef = 8ABB35AA2807686100247306 /* KeychainSwift */; };
		8ABB35AD2807688700247306 /* KeychainService.swift in Sources */ = {isa = PBXBuildFile; fileRef = 8ABB35AC2807688700247306 /* KeychainService.swift */; };
		8ABECC5B27C9952E009F0BB7 /* MovieService.swift in Sources */ = {isa = PBXBuildFile; fileRef = 8ABECC5A27C9952E009F0BB7 /* MovieService.swift */; };
		8AC4684D280758B900F2291F /* LoginView.swift in Sources */ = {isa = PBXBuildFile; fileRef = 8AC4684C280758B900F2291F /* LoginView.swift */; };
		8AC4685128075F7A00F2291F /* LoginViewModel.swift in Sources */ = {isa = PBXBuildFile; fileRef = 8AC4685028075F7A00F2291F /* LoginViewModel.swift */; };
		8AD1707927F4EA0600CD46F2 /* InMemoryFavoriteService.swift in Sources */ = {isa = PBXBuildFile; fileRef = 8AD1707827F4EA0600CD46F2 /* InMemoryFavoriteService.swift */; };
		8AD1707B27F4EB4200CD46F2 /* UserDefaultsFavoriteService.swift in Sources */ = {isa = PBXBuildFile; fileRef = 8AD1707A27F4EB4200CD46F2 /* UserDefaultsFavoriteService.swift */; };
		8AE5001227EB26C900D6167D /* VideoResponse.swift in Sources */ = {isa = PBXBuildFile; fileRef = 8AE5001127EB26C900D6167D /* VideoResponse.swift */; };
		8AE5001927EB2EDE00D6167D /* VideoService.swift in Sources */ = {isa = PBXBuildFile; fileRef = 8AE5001827EB2EDE00D6167D /* VideoService.swift */; };
		8AED9AA72818678B00AEBA18 /* UserSessionType.swift in Sources */ = {isa = PBXBuildFile; fileRef = 8AED9AA62818678B00AEBA18 /* UserSessionType.swift */; };
		8AFE126227EE0F0C0098FB48 /* YouTubePlayerKit in Frameworks */ = {isa = PBXBuildFile; productRef = 8AFE126127EE0F0C0098FB48 /* YouTubePlayerKit */; };
		8AFE126527EE101F0098FB48 /* YTPlayerView.swift in Sources */ = {isa = PBXBuildFile; fileRef = 8AFE126427EE101F0098FB48 /* YTPlayerView.swift */; };
/* End PBXBuildFile section */

/* Begin PBXContainerItemProxy section */
		8A12ACB82800CDBA003018C7 /* PBXContainerItemProxy */ = {
			isa = PBXContainerItemProxy;
			containerPortal = 8A2D106127C983CB0002432C /* Project object */;
			proxyType = 1;
			remoteGlobalIDString = 8A2D106827C983CB0002432C;
			remoteInfo = movieApp;
		};
/* End PBXContainerItemProxy section */

/* Begin PBXFileReference section */
		1FFCE22A9979EFC77C197674 /* Pods_movieApp.framework */ = {isa = PBXFileReference; explicitFileType = wrapper.framework; includeInIndex = 0; path = Pods_movieApp.framework; sourceTree = BUILT_PRODUCTS_DIR; };
		8A0BAE1027E22D95002DD371 /* DetailsView.swift */ = {isa = PBXFileReference; lastKnownFileType = sourcecode.swift; path = DetailsView.swift; sourceTree = "<group>"; };
		8A0BAE1427E22DD0002DD371 /* DetailsViewModel.swift */ = {isa = PBXFileReference; lastKnownFileType = sourcecode.swift; path = DetailsViewModel.swift; sourceTree = "<group>"; };
		8A12ACB42800CDBA003018C7 /* movieAppTests.xctest */ = {isa = PBXFileReference; explicitFileType = wrapper.cfbundle; includeInIndex = 0; path = movieAppTests.xctest; sourceTree = BUILT_PRODUCTS_DIR; };
		8A12ACB62800CDBA003018C7 /* movieAppTests.swift */ = {isa = PBXFileReference; lastKnownFileType = sourcecode.swift; path = movieAppTests.swift; sourceTree = "<group>"; };
		8A12ACBE2800CF0B003018C7 /* FavoriteServiceTests.swift */ = {isa = PBXFileReference; lastKnownFileType = sourcecode.swift; path = FavoriteServiceTests.swift; sourceTree = "<group>"; };
		8A12ACC12800D2CC003018C7 /* moviesMock.json */ = {isa = PBXFileReference; fileEncoding = 4; lastKnownFileType = text.json; path = moviesMock.json; sourceTree = "<group>"; };
		8A12ACC42800D3EC003018C7 /* Bundle+Extensions.swift */ = {isa = PBXFileReference; lastKnownFileType = sourcecode.swift; path = "Bundle+Extensions.swift"; sourceTree = "<group>"; };
		8A17FD68281869AB007D6400 /* UserSessionSingleton.swift */ = {isa = PBXFileReference; lastKnownFileType = sourcecode.swift; path = UserSessionSingleton.swift; sourceTree = "<group>"; };
		8A17FD6A28186A1F007D6400 /* UserSession.swift */ = {isa = PBXFileReference; lastKnownFileType = sourcecode.swift; path = UserSession.swift; sourceTree = "<group>"; };
		8A1802482808B825007493CC /* Validator.swift */ = {isa = PBXFileReference; lastKnownFileType = sourcecode.swift; path = Validator.swift; sourceTree = "<group>"; };
		8A18024A2808BB7F007493CC /* NSRegularExpression+Extensions.swift */ = {isa = PBXFileReference; lastKnownFileType = sourcecode.swift; path = "NSRegularExpression+Extensions.swift"; sourceTree = "<group>"; };
		8A18024C2808BCD1007493CC /* ValidatorTest.swift */ = {isa = PBXFileReference; lastKnownFileType = sourcecode.swift; path = ValidatorTest.swift; sourceTree = "<group>"; };
		8A1BB8B727F5C3BD00056B3A /* FavoritesView.swift */ = {isa = PBXFileReference; lastKnownFileType = sourcecode.swift; path = FavoritesView.swift; sourceTree = "<group>"; };
		8A1BB8B927F5C3D300056B3A /* MenuView.swift */ = {isa = PBXFileReference; lastKnownFileType = sourcecode.swift; path = MenuView.swift; sourceTree = "<group>"; };
		8A2D106927C983CB0002432C /* movieApp.app */ = {isa = PBXFileReference; explicitFileType = wrapper.application; includeInIndex = 0; path = movieApp.app; sourceTree = BUILT_PRODUCTS_DIR; };
		8A2D106C27C983CB0002432C /* MovieApp.swift */ = {isa = PBXFileReference; lastKnownFileType = sourcecode.swift; path = MovieApp.swift; sourceTree = "<group>"; };
		8A2D106E27C983CB0002432C /* HomeView.swift */ = {isa = PBXFileReference; lastKnownFileType = sourcecode.swift; path = HomeView.swift; sourceTree = "<group>"; };
		8A2D107027C983CD0002432C /* Assets.xcassets */ = {isa = PBXFileReference; lastKnownFileType = folder.assetcatalog; path = Assets.xcassets; sourceTree = "<group>"; };
		8A2D107327C983CD0002432C /* Preview Assets.xcassets */ = {isa = PBXFileReference; lastKnownFileType = folder.assetcatalog; path = "Preview Assets.xcassets"; sourceTree = "<group>"; };
		8A69E44C27F5B63500847DEB /* ComponentsDetailsView.swift */ = {isa = PBXFileReference; lastKnownFileType = sourcecode.swift; path = ComponentsDetailsView.swift; sourceTree = "<group>"; };
		8A6A09C927D8BDF800B19B4E /* HomeViewModel.swift */ = {isa = PBXFileReference; lastKnownFileType = sourcecode.swift; path = HomeViewModel.swift; sourceTree = "<group>"; };
		8A74041727D784AA003DAA46 /* MovieResponse.swift */ = {isa = PBXFileReference; lastKnownFileType = sourcecode.swift; path = MovieResponse.swift; sourceTree = "<group>"; };
		8A8D54DD27F46F2F003665C3 /* FavoriteType.swift */ = {isa = PBXFileReference; lastKnownFileType = sourcecode.swift; path = FavoriteType.swift; sourceTree = "<group>"; };
		8A9768EB280EBEFA00BEDB94 /* ValidadeState.swift */ = {isa = PBXFileReference; lastKnownFileType = sourcecode.swift; path = ValidadeState.swift; sourceTree = "<group>"; };
		8A9768EF280ECAFD00BEDB94 /* TextFieldValidationModifier.swift */ = {isa = PBXFileReference; lastKnownFileType = sourcecode.swift; path = TextFieldValidationModifier.swift; sourceTree = "<group>"; };
		8AABFA3F27F7526400432991 /* FavoritesViewModel.swift */ = {isa = PBXFileReference; lastKnownFileType = sourcecode.swift; path = FavoritesViewModel.swift; sourceTree = "<group>"; };
		8ABB35A62807652200247306 /* KeychainStorageType.swift */ = {isa = PBXFileReference; lastKnownFileType = sourcecode.swift; path = KeychainStorageType.swift; sourceTree = "<group>"; };
		8ABB35AC2807688700247306 /* KeychainService.swift */ = {isa = PBXFileReference; lastKnownFileType = sourcecode.swift; path = KeychainService.swift; sourceTree = "<group>"; };
		8ABECC5A27C9952E009F0BB7 /* MovieService.swift */ = {isa = PBXFileReference; lastKnownFileType = sourcecode.swift; path = MovieService.swift; sourceTree = "<group>"; };
		8AC4684C280758B900F2291F /* LoginView.swift */ = {isa = PBXFileReference; lastKnownFileType = sourcecode.swift; path = LoginView.swift; sourceTree = "<group>"; };
		8AC4685028075F7A00F2291F /* LoginViewModel.swift */ = {isa = PBXFileReference; lastKnownFileType = sourcecode.swift; path = LoginViewModel.swift; sourceTree = "<group>"; };
		8AD1707827F4EA0600CD46F2 /* InMemoryFavoriteService.swift */ = {isa = PBXFileReference; lastKnownFileType = sourcecode.swift; path = InMemoryFavoriteService.swift; sourceTree = "<group>"; };
		8AD1707A27F4EB4200CD46F2 /* UserDefaultsFavoriteService.swift */ = {isa = PBXFileReference; lastKnownFileType = sourcecode.swift; path = UserDefaultsFavoriteService.swift; sourceTree = "<group>"; };
		8AE5001127EB26C900D6167D /* VideoResponse.swift */ = {isa = PBXFileReference; lastKnownFileType = sourcecode.swift; path = VideoResponse.swift; sourceTree = "<group>"; };
		8AE5001827EB2EDE00D6167D /* VideoService.swift */ = {isa = PBXFileReference; lastKnownFileType = sourcecode.swift; path = VideoService.swift; sourceTree = "<group>"; };
		8AED9AA62818678B00AEBA18 /* UserSessionType.swift */ = {isa = PBXFileReference; lastKnownFileType = sourcecode.swift; path = UserSessionType.swift; sourceTree = "<group>"; };
		8AFE126427EE101F0098FB48 /* YTPlayerView.swift */ = {isa = PBXFileReference; lastKnownFileType = sourcecode.swift; path = YTPlayerView.swift; sourceTree = "<group>"; };
		A3CD7C1D8CCC2B5716C066F5 /* Pods-movieApp.debug.xcconfig */ = {isa = PBXFileReference; includeInIndex = 1; lastKnownFileType = text.xcconfig; name = "Pods-movieApp.debug.xcconfig"; path = "Target Support Files/Pods-movieApp/Pods-movieApp.debug.xcconfig"; sourceTree = "<group>"; };
		F208B787C396F22975393F03 /* Pods-movieApp.release.xcconfig */ = {isa = PBXFileReference; includeInIndex = 1; lastKnownFileType = text.xcconfig; name = "Pods-movieApp.release.xcconfig"; path = "Target Support Files/Pods-movieApp/Pods-movieApp.release.xcconfig"; sourceTree = "<group>"; };
/* End PBXFileReference section */

/* Begin PBXFrameworksBuildPhase section */
		8A12ACB12800CDBA003018C7 /* Frameworks */ = {
			isa = PBXFrameworksBuildPhase;
			buildActionMask = 2147483647;
			files = (
			);
			runOnlyForDeploymentPostprocessing = 0;
		};
		8A2D106627C983CB0002432C /* Frameworks */ = {
			isa = PBXFrameworksBuildPhase;
			buildActionMask = 2147483647;
			files = (
				8AFE126227EE0F0C0098FB48 /* YouTubePlayerKit in Frameworks */,
				8AB1F31827D5448200CB0B29 /* Pods_movieApp.framework in Frameworks */,
				8ABB35AB2807686100247306 /* KeychainSwift in Frameworks */,
				8A65CE8C280040F5006B9398 /* TabBar in Frameworks */,
			);
			runOnlyForDeploymentPostprocessing = 0;
		};
/* End PBXFrameworksBuildPhase section */

/* Begin PBXGroup section */
		8A0BAE1227E22DAC002DD371 /* Home */ = {
			isa = PBXGroup;
			children = (
				8A2D106E27C983CB0002432C /* HomeView.swift */,
				8A6A09C927D8BDF800B19B4E /* HomeViewModel.swift */,
			);
			path = Home;
			sourceTree = "<group>";
		};
		8A0BAE1327E22DBC002DD371 /* Details */ = {
			isa = PBXGroup;
			children = (
				8A0BAE1027E22D95002DD371 /* DetailsView.swift */,
				8A0BAE1427E22DD0002DD371 /* DetailsViewModel.swift */,
				8A69E44C27F5B63500847DEB /* ComponentsDetailsView.swift */,
			);
			path = Details;
			sourceTree = "<group>";
		};
		8A12ACB52800CDBA003018C7 /* movieAppTests */ = {
			isa = PBXGroup;
			children = (
				8A12ACC02800D2B0003018C7 /* Mocks */,
				8A12ACB62800CDBA003018C7 /* movieAppTests.swift */,
				8A18024E2808BCD9007493CC /* HelpersTests */,
				8A12ACBD2800CE62003018C7 /* ServiceTests */,
			);
			path = movieAppTests;
			sourceTree = "<group>";
		};
		8A12ACBD2800CE62003018C7 /* ServiceTests */ = {
			isa = PBXGroup;
			children = (
				8A12ACBE2800CF0B003018C7 /* FavoriteServiceTests.swift */,
			);
			path = ServiceTests;
			sourceTree = "<group>";
		};
		8A12ACC02800D2B0003018C7 /* Mocks */ = {
			isa = PBXGroup;
			children = (
				8A12ACC12800D2CC003018C7 /* moviesMock.json */,
			);
			path = Mocks;
			sourceTree = "<group>";
		};
		8A12ACC32800D348003018C7 /* Helpers */ = {
			isa = PBXGroup;
			children = (
				8A12ACC42800D3EC003018C7 /* Bundle+Extensions.swift */,
				8A1802482808B825007493CC /* Validator.swift */,
				8A18024A2808BB7F007493CC /* NSRegularExpression+Extensions.swift */,
				8A9768EB280EBEFA00BEDB94 /* ValidadeState.swift */,
				8A17FD68281869AB007D6400 /* UserSessionSingleton.swift */,
			);
			path = Helpers;
			sourceTree = "<group>";
		};
		8A18024E2808BCD9007493CC /* HelpersTests */ = {
			isa = PBXGroup;
			children = (
				8A18024C2808BCD1007493CC /* ValidatorTest.swift */,
			);
			path = HelpersTests;
			sourceTree = "<group>";
		};
		8A1BB8B527F5C39000056B3A /* Menu */ = {
			isa = PBXGroup;
			children = (
				8A1BB8B927F5C3D300056B3A /* MenuView.swift */,
			);
			path = Menu;
			sourceTree = "<group>";
		};
		8A1BB8B627F5C3A800056B3A /* Favorites */ = {
			isa = PBXGroup;
			children = (
				8A1BB8B727F5C3BD00056B3A /* FavoritesView.swift */,
				8AABFA3F27F7526400432991 /* FavoritesViewModel.swift */,
			);
			path = Favorites;
			sourceTree = "<group>";
		};
		8A2D106027C983CB0002432C = {
			isa = PBXGroup;
			children = (
				8A9768ED280ECACB00BEDB94 /* Views */,
				8A2D106B27C983CB0002432C /* movieApp */,
				8A12ACB52800CDBA003018C7 /* movieAppTests */,
				8A2D106A27C983CB0002432C /* Products */,
				F6197B02FFF9AA3BADDBE3C7 /* Pods */,
				925B09B06E8E8EEAA187B8B4 /* Frameworks */,
			);
			sourceTree = "<group>";
		};
		8A2D106A27C983CB0002432C /* Products */ = {
			isa = PBXGroup;
			children = (
				8A2D106927C983CB0002432C /* movieApp.app */,
				8A12ACB42800CDBA003018C7 /* movieAppTests.xctest */,
			);
			name = Products;
			sourceTree = "<group>";
		};
		8A2D106B27C983CB0002432C /* movieApp */ = {
			isa = PBXGroup;
			children = (
				8A2D106C27C983CB0002432C /* MovieApp.swift */,
				8A12ACC32800D348003018C7 /* Helpers */,
				8AB7424127E4D31B0004C5BF /* Protocols */,
				8A74041627D78478003DAA46 /* Service */,
				8A74041527D7846F003DAA46 /* Model */,
				8A74041427D7845F003DAA46 /* Flows */,
				8A2D107027C983CD0002432C /* Assets.xcassets */,
				8A2D107227C983CD0002432C /* Preview Content */,
			);
			path = movieApp;
			sourceTree = "<group>";
		};
		8A2D107227C983CD0002432C /* Preview Content */ = {
			isa = PBXGroup;
			children = (
				8A2D107327C983CD0002432C /* Preview Assets.xcassets */,
			);
			path = "Preview Content";
			sourceTree = "<group>";
		};
		8A74041427D7845F003DAA46 /* Flows */ = {
			isa = PBXGroup;
			children = (
				8AC4684B280758A600F2291F /* Login */,
				8A1BB8B527F5C39000056B3A /* Menu */,
				8A1BB8B627F5C3A800056B3A /* Favorites */,
				8A0BAE1327E22DBC002DD371 /* Details */,
				8AFE126327EE0FE60098FB48 /* YoutubePlayer */,
				8A0BAE1227E22DAC002DD371 /* Home */,
			);
			path = Flows;
			sourceTree = "<group>";
		};
		8A74041527D7846F003DAA46 /* Model */ = {
			isa = PBXGroup;
			children = (
				8A74041727D784AA003DAA46 /* MovieResponse.swift */,
				8AE5001127EB26C900D6167D /* VideoResponse.swift */,
			);
			path = Model;
			sourceTree = "<group>";
		};
		8A74041627D78478003DAA46 /* Service */ = {
			isa = PBXGroup;
			children = (
				8ABECC5A27C9952E009F0BB7 /* MovieService.swift */,
				8AE5001827EB2EDE00D6167D /* VideoService.swift */,
				8AD1707827F4EA0600CD46F2 /* InMemoryFavoriteService.swift */,
				8AD1707A27F4EB4200CD46F2 /* UserDefaultsFavoriteService.swift */,
				8ABB35AC2807688700247306 /* KeychainService.swift */,
				8A17FD6A28186A1F007D6400 /* UserSession.swift */,
			);
			path = Service;
			sourceTree = "<group>";
		};
		8A9768ED280ECACB00BEDB94 /* Views */ = {
			isa = PBXGroup;
			children = (
				8A9768EE280ECAD800BEDB94 /* ViewsModifiers */,
			);
			path = Views;
			sourceTree = "<group>";
		};
		8A9768EE280ECAD800BEDB94 /* ViewsModifiers */ = {
			isa = PBXGroup;
			children = (
				8A9768EF280ECAFD00BEDB94 /* TextFieldValidationModifier.swift */,
			);
			path = ViewsModifiers;
			sourceTree = "<group>";
		};
		8AB7424127E4D31B0004C5BF /* Protocols */ = {
			isa = PBXGroup;
			children = (
				8A8D54DD27F46F2F003665C3 /* FavoriteType.swift */,
				8ABB35A62807652200247306 /* KeychainStorageType.swift */,
				8AED9AA62818678B00AEBA18 /* UserSessionType.swift */,
			);
			path = Protocols;
			sourceTree = "<group>";
		};
		8AC4684B280758A600F2291F /* Login */ = {
			isa = PBXGroup;
			children = (
				8AC4684C280758B900F2291F /* LoginView.swift */,
				8AC4685028075F7A00F2291F /* LoginViewModel.swift */,
			);
			path = Login;
			sourceTree = "<group>";
		};
		8AFE126327EE0FE60098FB48 /* YoutubePlayer */ = {
			isa = PBXGroup;
			children = (
				8AFE126427EE101F0098FB48 /* YTPlayerView.swift */,
			);
			path = YoutubePlayer;
			sourceTree = "<group>";
		};
		925B09B06E8E8EEAA187B8B4 /* Frameworks */ = {
			isa = PBXGroup;
			children = (
				1FFCE22A9979EFC77C197674 /* Pods_movieApp.framework */,
			);
			name = Frameworks;
			sourceTree = "<group>";
		};
		F6197B02FFF9AA3BADDBE3C7 /* Pods */ = {
			isa = PBXGroup;
			children = (
				A3CD7C1D8CCC2B5716C066F5 /* Pods-movieApp.debug.xcconfig */,
				F208B787C396F22975393F03 /* Pods-movieApp.release.xcconfig */,
			);
			path = Pods;
			sourceTree = "<group>";
		};
/* End PBXGroup section */

/* Begin PBXNativeTarget section */
		8A12ACB32800CDBA003018C7 /* movieAppTests */ = {
			isa = PBXNativeTarget;
			buildConfigurationList = 8A12ACBC2800CDBA003018C7 /* Build configuration list for PBXNativeTarget "movieAppTests" */;
			buildPhases = (
				8A12ACB02800CDBA003018C7 /* Sources */,
				8A12ACB12800CDBA003018C7 /* Frameworks */,
				8A12ACB22800CDBA003018C7 /* Resources */,
			);
			buildRules = (
			);
			dependencies = (
				8A12ACB92800CDBA003018C7 /* PBXTargetDependency */,
			);
			name = movieAppTests;
			productName = movieAppTests;
			productReference = 8A12ACB42800CDBA003018C7 /* movieAppTests.xctest */;
			productType = "com.apple.product-type.bundle.unit-test";
		};
		8A2D106827C983CB0002432C /* movieApp */ = {
			isa = PBXNativeTarget;
			buildConfigurationList = 8A2D107727C983CD0002432C /* Build configuration list for PBXNativeTarget "movieApp" */;
			buildPhases = (
				FBF968B47DBF9E9617362F86 /* [CP] Check Pods Manifest.lock */,
				8A2D106527C983CB0002432C /* Sources */,
				8A2D106627C983CB0002432C /* Frameworks */,
				8A2D106727C983CB0002432C /* Resources */,
				9F345766FA16542C136B5260 /* [CP] Embed Pods Frameworks */,
			);
			buildRules = (
			);
			dependencies = (
			);
			name = movieApp;
			packageProductDependencies = (
				8AFE126127EE0F0C0098FB48 /* YouTubePlayerKit */,
				8A65CE8B280040F5006B9398 /* TabBar */,
				8ABB35AA2807686100247306 /* KeychainSwift */,
			);
			productName = movieApp;
			productReference = 8A2D106927C983CB0002432C /* movieApp.app */;
			productType = "com.apple.product-type.application";
		};
/* End PBXNativeTarget section */

/* Begin PBXProject section */
		8A2D106127C983CB0002432C /* Project object */ = {
			isa = PBXProject;
			attributes = {
				BuildIndependentTargetsInParallel = 1;
				LastSwiftUpdateCheck = 1330;
				LastUpgradeCheck = 1320;
				TargetAttributes = {
					8A12ACB32800CDBA003018C7 = {
						CreatedOnToolsVersion = 13.3;
						TestTargetID = 8A2D106827C983CB0002432C;
					};
					8A2D106827C983CB0002432C = {
						CreatedOnToolsVersion = 13.2.1;
					};
				};
			};
			buildConfigurationList = 8A2D106427C983CB0002432C /* Build configuration list for PBXProject "movieApp" */;
			compatibilityVersion = "Xcode 13.0";
			developmentRegion = en;
			hasScannedForEncodings = 0;
			knownRegions = (
				en,
				Base,
			);
			mainGroup = 8A2D106027C983CB0002432C;
			packageReferences = (
				8AFE126027EE0F0C0098FB48 /* XCRemoteSwiftPackageReference "YouTubePlayerKit" */,
				8A65CE8A280040F5006B9398 /* XCRemoteSwiftPackageReference "TabBar" */,
				8ABB35A92807686100247306 /* XCRemoteSwiftPackageReference "keychain-swift" */,
			);
			productRefGroup = 8A2D106A27C983CB0002432C /* Products */;
			projectDirPath = "";
			projectRoot = "";
			targets = (
				8A2D106827C983CB0002432C /* movieApp */,
				8A12ACB32800CDBA003018C7 /* movieAppTests */,
			);
		};
/* End PBXProject section */

/* Begin PBXResourcesBuildPhase section */
		8A12ACB22800CDBA003018C7 /* Resources */ = {
			isa = PBXResourcesBuildPhase;
			buildActionMask = 2147483647;
			files = (
				8A12ACC22800D2CC003018C7 /* moviesMock.json in Resources */,
			);
			runOnlyForDeploymentPostprocessing = 0;
		};
		8A2D106727C983CB0002432C /* Resources */ = {
			isa = PBXResourcesBuildPhase;
			buildActionMask = 2147483647;
			files = (
				8A2D107427C983CD0002432C /* Preview Assets.xcassets in Resources */,
				8A2D107127C983CD0002432C /* Assets.xcassets in Resources */,
			);
			runOnlyForDeploymentPostprocessing = 0;
		};
/* End PBXResourcesBuildPhase section */

/* Begin PBXShellScriptBuildPhase section */
		9F345766FA16542C136B5260 /* [CP] Embed Pods Frameworks */ = {
			isa = PBXShellScriptBuildPhase;
			buildActionMask = 2147483647;
			files = (
			);
			inputFileListPaths = (
				"${PODS_ROOT}/Target Support Files/Pods-movieApp/Pods-movieApp-frameworks-${CONFIGURATION}-input-files.xcfilelist",
			);
			name = "[CP] Embed Pods Frameworks";
			outputFileListPaths = (
				"${PODS_ROOT}/Target Support Files/Pods-movieApp/Pods-movieApp-frameworks-${CONFIGURATION}-output-files.xcfilelist",
			);
			runOnlyForDeploymentPostprocessing = 0;
			shellPath = /bin/sh;
			shellScript = "\"${PODS_ROOT}/Target Support Files/Pods-movieApp/Pods-movieApp-frameworks.sh\"\n";
			showEnvVarsInLog = 0;
		};
		FBF968B47DBF9E9617362F86 /* [CP] Check Pods Manifest.lock */ = {
			isa = PBXShellScriptBuildPhase;
			buildActionMask = 2147483647;
			files = (
			);
			inputFileListPaths = (
			);
			inputPaths = (
				"${PODS_PODFILE_DIR_PATH}/Podfile.lock",
				"${PODS_ROOT}/Manifest.lock",
			);
			name = "[CP] Check Pods Manifest.lock";
			outputFileListPaths = (
			);
			outputPaths = (
				"$(DERIVED_FILE_DIR)/Pods-movieApp-checkManifestLockResult.txt",
			);
			runOnlyForDeploymentPostprocessing = 0;
			shellPath = /bin/sh;
			shellScript = "diff \"${PODS_PODFILE_DIR_PATH}/Podfile.lock\" \"${PODS_ROOT}/Manifest.lock\" > /dev/null\nif [ $? != 0 ] ; then\n    # print error to STDERR\n    echo \"error: The sandbox is not in sync with the Podfile.lock. Run 'pod install' or update your CocoaPods installation.\" >&2\n    exit 1\nfi\n# This output is used by Xcode 'outputs' to avoid re-running this script phase.\necho \"SUCCESS\" > \"${SCRIPT_OUTPUT_FILE_0}\"\n";
			showEnvVarsInLog = 0;
		};
/* End PBXShellScriptBuildPhase section */

/* Begin PBXSourcesBuildPhase section */
		8A12ACB02800CDBA003018C7 /* Sources */ = {
			isa = PBXSourcesBuildPhase;
			buildActionMask = 2147483647;
			files = (
				8A18024D2808BCD1007493CC /* ValidatorTest.swift in Sources */,
				8A12ACC72800D4F5003018C7 /* Bundle+Extensions.swift in Sources */,
				8A12ACB72800CDBA003018C7 /* movieAppTests.swift in Sources */,
				8A12ACBF2800CF0B003018C7 /* FavoriteServiceTests.swift in Sources */,
			);
			runOnlyForDeploymentPostprocessing = 0;
		};
		8A2D106527C983CB0002432C /* Sources */ = {
			isa = PBXSourcesBuildPhase;
			buildActionMask = 2147483647;
			files = (
				8A2D106F27C983CB0002432C /* HomeView.swift in Sources */,
				8AD1707927F4EA0600CD46F2 /* InMemoryFavoriteService.swift in Sources */,
				8A17FD6B28186A1F007D6400 /* UserSession.swift in Sources */,
				8ABB35A72807652200247306 /* KeychainStorageType.swift in Sources */,
				8AED9AA72818678B00AEBA18 /* UserSessionType.swift in Sources */,
				8A9768F0280ECAFD00BEDB94 /* TextFieldValidationModifier.swift in Sources */,
				8AE5001927EB2EDE00D6167D /* VideoService.swift in Sources */,
				8A12ACC52800D3EC003018C7 /* Bundle+Extensions.swift in Sources */,
				8A1802492808B825007493CC /* Validator.swift in Sources */,
				8A74041827D784AA003DAA46 /* MovieResponse.swift in Sources */,
				8A8D54DE27F46F2F003665C3 /* FavoriteType.swift in Sources */,
				8A1BB8B827F5C3BD00056B3A /* FavoritesView.swift in Sources */,
				8ABECC5B27C9952E009F0BB7 /* MovieService.swift in Sources */,
				8AC4685128075F7A00F2291F /* LoginViewModel.swift in Sources */,
				8AABFA4027F7526400432991 /* FavoritesViewModel.swift in Sources */,
				8A6A09CA27D8BDF800B19B4E /* HomeViewModel.swift in Sources */,
				8A17FD69281869AB007D6400 /* UserSessionSingleton.swift in Sources */,
				8A69E44D27F5B63500847DEB /* ComponentsDetailsView.swift in Sources */,
				8A9768EC280EBEFA00BEDB94 /* ValidadeState.swift in Sources */,
				8A0BAE1527E22DD0002DD371 /* DetailsViewModel.swift in Sources */,
				8A1BB8BA27F5C3D300056B3A /* MenuView.swift in Sources */,
				8ABB35AD2807688700247306 /* KeychainService.swift in Sources */,
				8A2D106D27C983CB0002432C /* MovieApp.swift in Sources */,
				8AFE126527EE101F0098FB48 /* YTPlayerView.swift in Sources */,
				8AD1707B27F4EB4200CD46F2 /* UserDefaultsFavoriteService.swift in Sources */,
				8AC4684D280758B900F2291F /* LoginView.swift in Sources */,
				8A18024B2808BB7F007493CC /* NSRegularExpression+Extensions.swift in Sources */,
				8AE5001227EB26C900D6167D /* VideoResponse.swift in Sources */,
				8A0BAE1127E22D95002DD371 /* DetailsView.swift in Sources */,
			);
			runOnlyForDeploymentPostprocessing = 0;
		};
/* End PBXSourcesBuildPhase section */

/* Begin PBXTargetDependency section */
		8A12ACB92800CDBA003018C7 /* PBXTargetDependency */ = {
			isa = PBXTargetDependency;
			target = 8A2D106827C983CB0002432C /* movieApp */;
			targetProxy = 8A12ACB82800CDBA003018C7 /* PBXContainerItemProxy */;
		};
/* End PBXTargetDependency section */

/* Begin XCBuildConfiguration section */
		8A12ACBA2800CDBA003018C7 /* Debug */ = {
			isa = XCBuildConfiguration;
			buildSettings = {
				BUNDLE_LOADER = "$(TEST_HOST)";
				CODE_SIGN_STYLE = Automatic;
				CURRENT_PROJECT_VERSION = 1;
				DEVELOPMENT_TEAM = 7T93UNM5FF;
				GENERATE_INFOPLIST_FILE = YES;
				IPHONEOS_DEPLOYMENT_TARGET = 15.4;
				MARKETING_VERSION = 1.0;
				PRODUCT_BUNDLE_IDENTIFIER = com.firstcration.movieAppTests;
				PRODUCT_NAME = "$(TARGET_NAME)";
				SWIFT_EMIT_LOC_STRINGS = NO;
				SWIFT_VERSION = 5.0;
				TARGETED_DEVICE_FAMILY = "1,2";
				TEST_HOST = "$(BUILT_PRODUCTS_DIR)/movieApp.app/movieApp";
			};
			name = Debug;
		};
		8A12ACBB2800CDBA003018C7 /* Release */ = {
			isa = XCBuildConfiguration;
			buildSettings = {
				BUNDLE_LOADER = "$(TEST_HOST)";
				CODE_SIGN_STYLE = Automatic;
				CURRENT_PROJECT_VERSION = 1;
				DEVELOPMENT_TEAM = 7T93UNM5FF;
				GENERATE_INFOPLIST_FILE = YES;
				IPHONEOS_DEPLOYMENT_TARGET = 15.4;
				MARKETING_VERSION = 1.0;
				PRODUCT_BUNDLE_IDENTIFIER = com.firstcration.movieAppTests;
				PRODUCT_NAME = "$(TARGET_NAME)";
				SWIFT_EMIT_LOC_STRINGS = NO;
				SWIFT_VERSION = 5.0;
				TARGETED_DEVICE_FAMILY = "1,2";
				TEST_HOST = "$(BUILT_PRODUCTS_DIR)/movieApp.app/movieApp";
			};
			name = Release;
		};
		8A2D107527C983CD0002432C /* Debug */ = {
			isa = XCBuildConfiguration;
			buildSettings = {
				ALWAYS_SEARCH_USER_PATHS = NO;
				CLANG_ANALYZER_NONNULL = YES;
				CLANG_ANALYZER_NUMBER_OBJECT_CONVERSION = YES_AGGRESSIVE;
				CLANG_CXX_LANGUAGE_STANDARD = "gnu++17";
				CLANG_CXX_LIBRARY = "libc++";
				CLANG_ENABLE_MODULES = YES;
				CLANG_ENABLE_OBJC_ARC = YES;
				CLANG_ENABLE_OBJC_WEAK = YES;
				CLANG_WARN_BLOCK_CAPTURE_AUTORELEASING = YES;
				CLANG_WARN_BOOL_CONVERSION = YES;
				CLANG_WARN_COMMA = YES;
				CLANG_WARN_CONSTANT_CONVERSION = YES;
				CLANG_WARN_DEPRECATED_OBJC_IMPLEMENTATIONS = YES;
				CLANG_WARN_DIRECT_OBJC_ISA_USAGE = YES_ERROR;
				CLANG_WARN_DOCUMENTATION_COMMENTS = YES;
				CLANG_WARN_EMPTY_BODY = YES;
				CLANG_WARN_ENUM_CONVERSION = YES;
				CLANG_WARN_INFINITE_RECURSION = YES;
				CLANG_WARN_INT_CONVERSION = YES;
				CLANG_WARN_NON_LITERAL_NULL_CONVERSION = YES;
				CLANG_WARN_OBJC_IMPLICIT_RETAIN_SELF = YES;
				CLANG_WARN_OBJC_LITERAL_CONVERSION = YES;
				CLANG_WARN_OBJC_ROOT_CLASS = YES_ERROR;
				CLANG_WARN_QUOTED_INCLUDE_IN_FRAMEWORK_HEADER = YES;
				CLANG_WARN_RANGE_LOOP_ANALYSIS = YES;
				CLANG_WARN_STRICT_PROTOTYPES = YES;
				CLANG_WARN_SUSPICIOUS_MOVE = YES;
				CLANG_WARN_UNGUARDED_AVAILABILITY = YES_AGGRESSIVE;
				CLANG_WARN_UNREACHABLE_CODE = YES;
				CLANG_WARN__DUPLICATE_METHOD_MATCH = YES;
				COPY_PHASE_STRIP = NO;
				DEBUG_INFORMATION_FORMAT = dwarf;
				ENABLE_STRICT_OBJC_MSGSEND = YES;
				ENABLE_TESTABILITY = YES;
				GCC_C_LANGUAGE_STANDARD = gnu11;
				GCC_DYNAMIC_NO_PIC = NO;
				GCC_NO_COMMON_BLOCKS = YES;
				GCC_OPTIMIZATION_LEVEL = 0;
				GCC_PREPROCESSOR_DEFINITIONS = (
					"DEBUG=1",
					"$(inherited)",
				);
				GCC_WARN_64_TO_32_BIT_CONVERSION = YES;
				GCC_WARN_ABOUT_RETURN_TYPE = YES_ERROR;
				GCC_WARN_UNDECLARED_SELECTOR = YES;
				GCC_WARN_UNINITIALIZED_AUTOS = YES_AGGRESSIVE;
				GCC_WARN_UNUSED_FUNCTION = YES;
				GCC_WARN_UNUSED_VARIABLE = YES;
				IPHONEOS_DEPLOYMENT_TARGET = 15.2;
				MTL_ENABLE_DEBUG_INFO = INCLUDE_SOURCE;
				MTL_FAST_MATH = YES;
				ONLY_ACTIVE_ARCH = YES;
				SDKROOT = iphoneos;
				SWIFT_ACTIVE_COMPILATION_CONDITIONS = DEBUG;
				SWIFT_OPTIMIZATION_LEVEL = "-Onone";
			};
			name = Debug;
		};
		8A2D107627C983CD0002432C /* Release */ = {
			isa = XCBuildConfiguration;
			buildSettings = {
				ALWAYS_SEARCH_USER_PATHS = NO;
				CLANG_ANALYZER_NONNULL = YES;
				CLANG_ANALYZER_NUMBER_OBJECT_CONVERSION = YES_AGGRESSIVE;
				CLANG_CXX_LANGUAGE_STANDARD = "gnu++17";
				CLANG_CXX_LIBRARY = "libc++";
				CLANG_ENABLE_MODULES = YES;
				CLANG_ENABLE_OBJC_ARC = YES;
				CLANG_ENABLE_OBJC_WEAK = YES;
				CLANG_WARN_BLOCK_CAPTURE_AUTORELEASING = YES;
				CLANG_WARN_BOOL_CONVERSION = YES;
				CLANG_WARN_COMMA = YES;
				CLANG_WARN_CONSTANT_CONVERSION = YES;
				CLANG_WARN_DEPRECATED_OBJC_IMPLEMENTATIONS = YES;
				CLANG_WARN_DIRECT_OBJC_ISA_USAGE = YES_ERROR;
				CLANG_WARN_DOCUMENTATION_COMMENTS = YES;
				CLANG_WARN_EMPTY_BODY = YES;
				CLANG_WARN_ENUM_CONVERSION = YES;
				CLANG_WARN_INFINITE_RECURSION = YES;
				CLANG_WARN_INT_CONVERSION = YES;
				CLANG_WARN_NON_LITERAL_NULL_CONVERSION = YES;
				CLANG_WARN_OBJC_IMPLICIT_RETAIN_SELF = YES;
				CLANG_WARN_OBJC_LITERAL_CONVERSION = YES;
				CLANG_WARN_OBJC_ROOT_CLASS = YES_ERROR;
				CLANG_WARN_QUOTED_INCLUDE_IN_FRAMEWORK_HEADER = YES;
				CLANG_WARN_RANGE_LOOP_ANALYSIS = YES;
				CLANG_WARN_STRICT_PROTOTYPES = YES;
				CLANG_WARN_SUSPICIOUS_MOVE = YES;
				CLANG_WARN_UNGUARDED_AVAILABILITY = YES_AGGRESSIVE;
				CLANG_WARN_UNREACHABLE_CODE = YES;
				CLANG_WARN__DUPLICATE_METHOD_MATCH = YES;
				COPY_PHASE_STRIP = NO;
				DEBUG_INFORMATION_FORMAT = "dwarf-with-dsym";
				ENABLE_NS_ASSERTIONS = NO;
				ENABLE_STRICT_OBJC_MSGSEND = YES;
				GCC_C_LANGUAGE_STANDARD = gnu11;
				GCC_NO_COMMON_BLOCKS = YES;
				GCC_WARN_64_TO_32_BIT_CONVERSION = YES;
				GCC_WARN_ABOUT_RETURN_TYPE = YES_ERROR;
				GCC_WARN_UNDECLARED_SELECTOR = YES;
				GCC_WARN_UNINITIALIZED_AUTOS = YES_AGGRESSIVE;
				GCC_WARN_UNUSED_FUNCTION = YES;
				GCC_WARN_UNUSED_VARIABLE = YES;
				IPHONEOS_DEPLOYMENT_TARGET = 15.2;
				MTL_ENABLE_DEBUG_INFO = NO;
				MTL_FAST_MATH = YES;
				SDKROOT = iphoneos;
				SWIFT_COMPILATION_MODE = wholemodule;
				SWIFT_OPTIMIZATION_LEVEL = "-O";
				VALIDATE_PRODUCT = YES;
			};
			name = Release;
		};
		8A2D107827C983CD0002432C /* Debug */ = {
			isa = XCBuildConfiguration;
			baseConfigurationReference = A3CD7C1D8CCC2B5716C066F5 /* Pods-movieApp.debug.xcconfig */;
			buildSettings = {
				ASSETCATALOG_COMPILER_APPICON_NAME = AppIcon;
				ASSETCATALOG_COMPILER_GLOBAL_ACCENT_COLOR_NAME = AccentColor;
				CODE_SIGN_STYLE = Automatic;
				CURRENT_PROJECT_VERSION = 1;
				DEVELOPMENT_ASSET_PATHS = "\"movieApp/Preview Content\"";
				DEVELOPMENT_TEAM = GGLW8Y2AXF;
				ENABLE_PREVIEWS = YES;
				GENERATE_INFOPLIST_FILE = YES;
				INFOPLIST_KEY_UIApplicationSceneManifest_Generation = YES;
				INFOPLIST_KEY_UIApplicationSupportsIndirectInputEvents = YES;
				INFOPLIST_KEY_UILaunchScreen_Generation = YES;
				INFOPLIST_KEY_UISupportedInterfaceOrientations_iPad = "UIInterfaceOrientationPortrait UIInterfaceOrientationPortraitUpsideDown UIInterfaceOrientationLandscapeLeft UIInterfaceOrientationLandscapeRight";
				INFOPLIST_KEY_UISupportedInterfaceOrientations_iPhone = "UIInterfaceOrientationPortrait UIInterfaceOrientationLandscapeLeft UIInterfaceOrientationLandscapeRight";
				IPHONEOS_DEPLOYMENT_TARGET = 15.0;
				LD_RUNPATH_SEARCH_PATHS = (
					"$(inherited)",
					"@executable_path/Frameworks",
				);
				MARKETING_VERSION = 1.0.0;
				PRODUCT_BUNDLE_IDENTIFIER = com.movieApp2;
				PRODUCT_NAME = "$(TARGET_NAME)";
				SWIFT_EMIT_LOC_STRINGS = YES;
				SWIFT_VERSION = 5.0;
				TARGETED_DEVICE_FAMILY = "1,2";
			};
			name = Debug;
		};
		8A2D107927C983CD0002432C /* Release */ = {
			isa = XCBuildConfiguration;
			baseConfigurationReference = F208B787C396F22975393F03 /* Pods-movieApp.release.xcconfig */;
			buildSettings = {
				ASSETCATALOG_COMPILER_APPICON_NAME = AppIcon;
				ASSETCATALOG_COMPILER_GLOBAL_ACCENT_COLOR_NAME = AccentColor;
				CODE_SIGN_STYLE = Automatic;
				CURRENT_PROJECT_VERSION = 1;
				DEVELOPMENT_ASSET_PATHS = "\"movieApp/Preview Content\"";
				DEVELOPMENT_TEAM = GGLW8Y2AXF;
				ENABLE_PREVIEWS = YES;
				GENERATE_INFOPLIST_FILE = YES;
				INFOPLIST_KEY_UIApplicationSceneManifest_Generation = YES;
				INFOPLIST_KEY_UIApplicationSupportsIndirectInputEvents = YES;
				INFOPLIST_KEY_UILaunchScreen_Generation = YES;
				INFOPLIST_KEY_UISupportedInterfaceOrientations_iPad = "UIInterfaceOrientationPortrait UIInterfaceOrientationPortraitUpsideDown UIInterfaceOrientationLandscapeLeft UIInterfaceOrientationLandscapeRight";
				INFOPLIST_KEY_UISupportedInterfaceOrientations_iPhone = "UIInterfaceOrientationPortrait UIInterfaceOrientationLandscapeLeft UIInterfaceOrientationLandscapeRight";
				IPHONEOS_DEPLOYMENT_TARGET = 15.0;
				LD_RUNPATH_SEARCH_PATHS = (
					"$(inherited)",
					"@executable_path/Frameworks",
				);
				MARKETING_VERSION = 1.0.0;
				PRODUCT_BUNDLE_IDENTIFIER = com.movieApp2;
				PRODUCT_NAME = "$(TARGET_NAME)";
				SWIFT_EMIT_LOC_STRINGS = YES;
				SWIFT_VERSION = 5.0;
				TARGETED_DEVICE_FAMILY = "1,2";
			};
			name = Release;
		};
/* End XCBuildConfiguration section */

/* Begin XCConfigurationList section */
		8A12ACBC2800CDBA003018C7 /* Build configuration list for PBXNativeTarget "movieAppTests" */ = {
			isa = XCConfigurationList;
			buildConfigurations = (
				8A12ACBA2800CDBA003018C7 /* Debug */,
				8A12ACBB2800CDBA003018C7 /* Release */,
			);
			defaultConfigurationIsVisible = 0;
			defaultConfigurationName = Release;
		};
		8A2D106427C983CB0002432C /* Build configuration list for PBXProject "movieApp" */ = {
			isa = XCConfigurationList;
			buildConfigurations = (
				8A2D107527C983CD0002432C /* Debug */,
				8A2D107627C983CD0002432C /* Release */,
			);
			defaultConfigurationIsVisible = 0;
			defaultConfigurationName = Release;
		};
		8A2D107727C983CD0002432C /* Build configuration list for PBXNativeTarget "movieApp" */ = {
			isa = XCConfigurationList;
			buildConfigurations = (
				8A2D107827C983CD0002432C /* Debug */,
				8A2D107927C983CD0002432C /* Release */,
			);
			defaultConfigurationIsVisible = 0;
			defaultConfigurationName = Release;
		};
/* End XCConfigurationList section */

/* Begin XCRemoteSwiftPackageReference section */
		8A65CE8A280040F5006B9398 /* XCRemoteSwiftPackageReference "TabBar" */ = {
			isa = XCRemoteSwiftPackageReference;
			repositoryURL = "https://github.com/onl1ner/TabBar.git";
			requirement = {
				kind = upToNextMajorVersion;
				minimumVersion = 1.0.0;
			};
		};
		8ABB35A92807686100247306 /* XCRemoteSwiftPackageReference "keychain-swift" */ = {
			isa = XCRemoteSwiftPackageReference;
			repositoryURL = "https://github.com/evgenyneu/keychain-swift.git";
			requirement = {
				branch = master;
				kind = branch;
			};
		};
		8AFE126027EE0F0C0098FB48 /* XCRemoteSwiftPackageReference "YouTubePlayerKit" */ = {
			isa = XCRemoteSwiftPackageReference;
			repositoryURL = "https://github.com/SvenTiigi/YouTubePlayerKit.git";
			requirement = {
				kind = upToNextMajorVersion;
				minimumVersion = 1.0.0;
			};
		};
/* End XCRemoteSwiftPackageReference section */

/* Begin XCSwiftPackageProductDependency section */
		8A65CE8B280040F5006B9398 /* TabBar */ = {
			isa = XCSwiftPackageProductDependency;
			package = 8A65CE8A280040F5006B9398 /* XCRemoteSwiftPackageReference "TabBar" */;
			productName = TabBar;
		};
		8ABB35AA2807686100247306 /* KeychainSwift */ = {
			isa = XCSwiftPackageProductDependency;
			package = 8ABB35A92807686100247306 /* XCRemoteSwiftPackageReference "keychain-swift" */;
			productName = KeychainSwift;
		};
		8AFE126127EE0F0C0098FB48 /* YouTubePlayerKit */ = {
			isa = XCSwiftPackageProductDependency;
			package = 8AFE126027EE0F0C0098FB48 /* XCRemoteSwiftPackageReference "YouTubePlayerKit" */;
			productName = YouTubePlayerKit;
		};
/* End XCSwiftPackageProductDependency section */
	};
	rootObject = 8A2D106127C983CB0002432C /* Project object */;
}
