// !$*UTF8*$!
{
	archiveVersion = 1;
	classes = {
	};
	objectVersion = 55;
	objects = {

/* Begin PBXBuildFile section */
		8A0BAE1127E22D95002DD371 /* DetailsView.swift in Sources */ = {isa = PBXBuildFile; fileRef = 8A0BAE1027E22D95002DD371 /* DetailsView.swift */; };
		8A0BAE1527E22DD0002DD371 /* DetailsViewModel.swift in Sources */ = {isa = PBXBuildFile; fileRef = 8A0BAE1427E22DD0002DD371 /* DetailsViewModel.swift */; };
		8A2D106D27C983CB0002432C /* MovieApp.swift in Sources */ = {isa = PBXBuildFile; fileRef = 8A2D106C27C983CB0002432C /* MovieApp.swift */; };
		8A2D106F27C983CB0002432C /* HomeView.swift in Sources */ = {isa = PBXBuildFile; fileRef = 8A2D106E27C983CB0002432C /* HomeView.swift */; };
		8A2D107127C983CD0002432C /* Assets.xcassets in Resources */ = {isa = PBXBuildFile; fileRef = 8A2D107027C983CD0002432C /* Assets.xcassets */; };
		8A2D107427C983CD0002432C /* Preview Assets.xcassets in Resources */ = {isa = PBXBuildFile; fileRef = 8A2D107327C983CD0002432C /* Preview Assets.xcassets */; };
		8A6A09CA27D8BDF800B19B4E /* HomeViewModel.swift in Sources */ = {isa = PBXBuildFile; fileRef = 8A6A09C927D8BDF800B19B4E /* HomeViewModel.swift */; };
		8A74041827D784AA003DAA46 /* MovieResponse.swift in Sources */ = {isa = PBXBuildFile; fileRef = 8A74041727D784AA003DAA46 /* MovieResponse.swift */; };
		8AB1F31827D5448200CB0B29 /* Pods_movieApp.framework in Frameworks */ = {isa = PBXBuildFile; fileRef = 1FFCE22A9979EFC77C197674 /* Pods_movieApp.framework */; };
		8AB7424327E4D3620004C5BF /* View+Extensions.swift in Sources */ = {isa = PBXBuildFile; fileRef = 8AB7424227E4D3620004C5BF /* View+Extensions.swift */; };
		8ABECC5B27C9952E009F0BB7 /* MovieService.swift in Sources */ = {isa = PBXBuildFile; fileRef = 8ABECC5A27C9952E009F0BB7 /* MovieService.swift */; };
		8AE5001227EB26C900D6167D /* VideoResponse.swift in Sources */ = {isa = PBXBuildFile; fileRef = 8AE5001127EB26C900D6167D /* VideoResponse.swift */; };
		8AE5001927EB2EDE00D6167D /* VideoService.swift in Sources */ = {isa = PBXBuildFile; fileRef = 8AE5001827EB2EDE00D6167D /* VideoService.swift */; };
		8AFE126227EE0F0C0098FB48 /* YouTubePlayerKit in Frameworks */ = {isa = PBXBuildFile; productRef = 8AFE126127EE0F0C0098FB48 /* YouTubePlayerKit */; };
		8AFE126527EE101F0098FB48 /* YTPlayerView.swift in Sources */ = {isa = PBXBuildFile; fileRef = 8AFE126427EE101F0098FB48 /* YTPlayerView.swift */; };
/* End PBXBuildFile section */

/* Begin PBXFileReference section */
		1FFCE22A9979EFC77C197674 /* Pods_movieApp.framework */ = {isa = PBXFileReference; explicitFileType = wrapper.framework; includeInIndex = 0; path = Pods_movieApp.framework; sourceTree = BUILT_PRODUCTS_DIR; };
		8A0BAE1027E22D95002DD371 /* DetailsView.swift */ = {isa = PBXFileReference; lastKnownFileType = sourcecode.swift; path = DetailsView.swift; sourceTree = "<group>"; };
		8A0BAE1427E22DD0002DD371 /* DetailsViewModel.swift */ = {isa = PBXFileReference; lastKnownFileType = sourcecode.swift; path = DetailsViewModel.swift; sourceTree = "<group>"; };
		8A2D106927C983CB0002432C /* movieApp.app */ = {isa = PBXFileReference; explicitFileType = wrapper.application; includeInIndex = 0; path = movieApp.app; sourceTree = BUILT_PRODUCTS_DIR; };
		8A2D106C27C983CB0002432C /* MovieApp.swift */ = {isa = PBXFileReference; lastKnownFileType = sourcecode.swift; path = MovieApp.swift; sourceTree = "<group>"; };
		8A2D106E27C983CB0002432C /* HomeView.swift */ = {isa = PBXFileReference; lastKnownFileType = sourcecode.swift; path = HomeView.swift; sourceTree = "<group>"; };
		8A2D107027C983CD0002432C /* Assets.xcassets */ = {isa = PBXFileReference; lastKnownFileType = folder.assetcatalog; path = Assets.xcassets; sourceTree = "<group>"; };
		8A2D107327C983CD0002432C /* Preview Assets.xcassets */ = {isa = PBXFileReference; lastKnownFileType = folder.assetcatalog; path = "Preview Assets.xcassets"; sourceTree = "<group>"; };
		8A6A09C927D8BDF800B19B4E /* HomeViewModel.swift */ = {isa = PBXFileReference; lastKnownFileType = sourcecode.swift; path = HomeViewModel.swift; sourceTree = "<group>"; };
		8A74041727D784AA003DAA46 /* MovieResponse.swift */ = {isa = PBXFileReference; lastKnownFileType = sourcecode.swift; path = MovieResponse.swift; sourceTree = "<group>"; };
		8AB7424227E4D3620004C5BF /* View+Extensions.swift */ = {isa = PBXFileReference; lastKnownFileType = sourcecode.swift; path = "View+Extensions.swift"; sourceTree = "<group>"; };
		8ABECC5A27C9952E009F0BB7 /* MovieService.swift */ = {isa = PBXFileReference; lastKnownFileType = sourcecode.swift; path = MovieService.swift; sourceTree = "<group>"; };
		8AE5001127EB26C900D6167D /* VideoResponse.swift */ = {isa = PBXFileReference; lastKnownFileType = sourcecode.swift; path = VideoResponse.swift; sourceTree = "<group>"; };
		8AE5001827EB2EDE00D6167D /* VideoService.swift */ = {isa = PBXFileReference; lastKnownFileType = sourcecode.swift; path = VideoService.swift; sourceTree = "<group>"; };
		8AFE126427EE101F0098FB48 /* YTPlayerView.swift */ = {isa = PBXFileReference; lastKnownFileType = sourcecode.swift; path = YTPlayerView.swift; sourceTree = "<group>"; };
		A3CD7C1D8CCC2B5716C066F5 /* Pods-movieApp.debug.xcconfig */ = {isa = PBXFileReference; includeInIndex = 1; lastKnownFileType = text.xcconfig; name = "Pods-movieApp.debug.xcconfig"; path = "Target Support Files/Pods-movieApp/Pods-movieApp.debug.xcconfig"; sourceTree = "<group>"; };
		F208B787C396F22975393F03 /* Pods-movieApp.release.xcconfig */ = {isa = PBXFileReference; includeInIndex = 1; lastKnownFileType = text.xcconfig; name = "Pods-movieApp.release.xcconfig"; path = "Target Support Files/Pods-movieApp/Pods-movieApp.release.xcconfig"; sourceTree = "<group>"; };
/* End PBXFileReference section */

/* Begin PBXFrameworksBuildPhase section */
		8A2D106627C983CB0002432C /* Frameworks */ = {
			isa = PBXFrameworksBuildPhase;
			buildActionMask = 2147483647;
			files = (
				8AFE126227EE0F0C0098FB48 /* YouTubePlayerKit in Frameworks */,
				8AB1F31827D5448200CB0B29 /* Pods_movieApp.framework in Frameworks */,
			);
			runOnlyForDeploymentPostprocessing = 0;
		};
/* End PBXFrameworksBuildPhase section */

/* Begin PBXGroup section */
		8A0BAE1227E22DAC002DD371 /* Home */ = {
			isa = PBXGroup;
			children = (
				8A2D106E27C983CB0002432C /* HomeView.swift */,
				8A6A09C927D8BDF800B19B4E /* HomeViewModel.swift */,
			);
			path = Home;
			sourceTree = "<group>";
		};
		8A0BAE1327E22DBC002DD371 /* Details */ = {
			isa = PBXGroup;
			children = (
				8A0BAE1027E22D95002DD371 /* DetailsView.swift */,
				8A0BAE1427E22DD0002DD371 /* DetailsViewModel.swift */,
			);
			path = Details;
			sourceTree = "<group>";
		};
		8A2D106027C983CB0002432C = {
			isa = PBXGroup;
			children = (
				8A2D106B27C983CB0002432C /* movieApp */,
				8A2D106A27C983CB0002432C /* Products */,
				F6197B02FFF9AA3BADDBE3C7 /* Pods */,
				925B09B06E8E8EEAA187B8B4 /* Frameworks */,
			);
			sourceTree = "<group>";
		};
		8A2D106A27C983CB0002432C /* Products */ = {
			isa = PBXGroup;
			children = (
				8A2D106927C983CB0002432C /* movieApp.app */,
			);
			name = Products;
			sourceTree = "<group>";
		};
		8A2D106B27C983CB0002432C /* movieApp */ = {
			isa = PBXGroup;
			children = (
				8A2D106C27C983CB0002432C /* MovieApp.swift */,
				8AB7424127E4D31B0004C5BF /* Extensions */,
				8A74041627D78478003DAA46 /* Service */,
				8A74041527D7846F003DAA46 /* Model */,
				8A74041427D7845F003DAA46 /* Flows */,
				8A2D107027C983CD0002432C /* Assets.xcassets */,
				8A2D107227C983CD0002432C /* Preview Content */,
			);
			path = movieApp;
			sourceTree = "<group>";
		};
		8A2D107227C983CD0002432C /* Preview Content */ = {
			isa = PBXGroup;
			children = (
				8A2D107327C983CD0002432C /* Preview Assets.xcassets */,
			);
			path = "Preview Content";
			sourceTree = "<group>";
		};
		8A74041427D7845F003DAA46 /* Flows */ = {
			isa = PBXGroup;
			children = (
				8AFE126327EE0FE60098FB48 /* YoutubePlayer */,
				8A0BAE1327E22DBC002DD371 /* Details */,
				8A0BAE1227E22DAC002DD371 /* Home */,
			);
			path = Flows;
			sourceTree = "<group>";
		};
		8A74041527D7846F003DAA46 /* Model */ = {
			isa = PBXGroup;
			children = (
				8A74041727D784AA003DAA46 /* MovieResponse.swift */,
				8AE5001127EB26C900D6167D /* VideoResponse.swift */,
			);
			path = Model;
			sourceTree = "<group>";
		};
		8A74041627D78478003DAA46 /* Service */ = {
			isa = PBXGroup;
			children = (
				8ABECC5A27C9952E009F0BB7 /* MovieService.swift */,
				8AE5001827EB2EDE00D6167D /* VideoService.swift */,
			);
			path = Service;
			sourceTree = "<group>";
		};
		8AB7424127E4D31B0004C5BF /* Extensions */ = {
			isa = PBXGroup;
			children = (
				8AB7424227E4D3620004C5BF /* View+Extensions.swift */,
			);
			path = Extensions;
			sourceTree = "<group>";
		};
		8AFE126327EE0FE60098FB48 /* YoutubePlayer */ = {
			isa = PBXGroup;
			children = (
				8AFE126427EE101F0098FB48 /* YTPlayerView.swift */,
			);
			path = YoutubePlayer;
			sourceTree = "<group>";
		};
		925B09B06E8E8EEAA187B8B4 /* Frameworks */ = {
			isa = PBXGroup;
			children = (
				1FFCE22A9979EFC77C197674 /* Pods_movieApp.framework */,
			);
			name = Frameworks;
			sourceTree = "<group>";
		};
		F6197B02FFF9AA3BADDBE3C7 /* Pods */ = {
			isa = PBXGroup;
			children = (
				A3CD7C1D8CCC2B5716C066F5 /* Pods-movieApp.debug.xcconfig */,
				F208B787C396F22975393F03 /* Pods-movieApp.release.xcconfig */,
			);
			path = Pods;
			sourceTree = "<group>";
		};
/* End PBXGroup section */

/* Begin PBXNativeTarget section */
		8A2D106827C983CB0002432C /* movieApp */ = {
			isa = PBXNativeTarget;
			buildConfigurationList = 8A2D107727C983CD0002432C /* Build configuration list for PBXNativeTarget "movieApp" */;
			buildPhases = (
				FBF968B47DBF9E9617362F86 /* [CP] Check Pods Manifest.lock */,
				8A2D106527C983CB0002432C /* Sources */,
				8A2D106627C983CB0002432C /* Frameworks */,
				8A2D106727C983CB0002432C /* Resources */,
				9F345766FA16542C136B5260 /* [CP] Embed Pods Frameworks */,
			);
			buildRules = (
			);
			dependencies = (
			);
			name = movieApp;
			packageProductDependencies = (
				8AFE126127EE0F0C0098FB48 /* YouTubePlayerKit */,
			);
			productName = movieApp;
			productReference = 8A2D106927C983CB0002432C /* movieApp.app */;
			productType = "com.apple.product-type.application";
		};
/* End PBXNativeTarget section */

/* Begin PBXProject section */
		8A2D106127C983CB0002432C /* Project object */ = {
			isa = PBXProject;
			attributes = {
				BuildIndependentTargetsInParallel = 1;
				LastSwiftUpdateCheck = 1320;
				LastUpgradeCheck = 1320;
				TargetAttributes = {
					8A2D106827C983CB0002432C = {
						CreatedOnToolsVersion = 13.2.1;
					};
				};
			};
			buildConfigurationList = 8A2D106427C983CB0002432C /* Build configuration list for PBXProject "movieApp" */;
			compatibilityVersion = "Xcode 13.0";
			developmentRegion = en;
			hasScannedForEncodings = 0;
			knownRegions = (
				en,
				Base,
			);
			mainGroup = 8A2D106027C983CB0002432C;
			packageReferences = (
				8AFE126027EE0F0C0098FB48 /* XCRemoteSwiftPackageReference "YouTubePlayerKit" */,
			);
			productRefGroup = 8A2D106A27C983CB0002432C /* Products */;
			projectDirPath = "";
			projectRoot = "";
			targets = (
				8A2D106827C983CB0002432C /* movieApp */,
			);
		};
/* End PBXProject section */

/* Begin PBXResourcesBuildPhase section */
		8A2D106727C983CB0002432C /* Resources */ = {
			isa = PBXResourcesBuildPhase;
			buildActionMask = 2147483647;
			files = (
				8A2D107427C983CD0002432C /* Preview Assets.xcassets in Resources */,
				8A2D107127C983CD0002432C /* Assets.xcassets in Resources */,
			);
			runOnlyForDeploymentPostprocessing = 0;
		};
/* End PBXResourcesBuildPhase section */

/* Begin PBXShellScriptBuildPhase section */
		9F345766FA16542C136B5260 /* [CP] Embed Pods Frameworks */ = {
			isa = PBXShellScriptBuildPhase;
			buildActionMask = 2147483647;
			files = (
			);
			inputFileListPaths = (
				"${PODS_ROOT}/Target Support Files/Pods-movieApp/Pods-movieApp-frameworks-${CONFIGURATION}-input-files.xcfilelist",
			);
			name = "[CP] Embed Pods Frameworks";
			outputFileListPaths = (
				"${PODS_ROOT}/Target Support Files/Pods-movieApp/Pods-movieApp-frameworks-${CONFIGURATION}-output-files.xcfilelist",
			);
			runOnlyForDeploymentPostprocessing = 0;
			shellPath = /bin/sh;
			shellScript = "\"${PODS_ROOT}/Target Support Files/Pods-movieApp/Pods-movieApp-frameworks.sh\"\n";
			showEnvVarsInLog = 0;
		};
		FBF968B47DBF9E9617362F86 /* [CP] Check Pods Manifest.lock */ = {
			isa = PBXShellScriptBuildPhase;
			buildActionMask = 2147483647;
			files = (
			);
			inputFileListPaths = (
			);
			inputPaths = (
				"${PODS_PODFILE_DIR_PATH}/Podfile.lock",
				"${PODS_ROOT}/Manifest.lock",
			);
			name = "[CP] Check Pods Manifest.lock";
			outputFileListPaths = (
			);
			outputPaths = (
				"$(DERIVED_FILE_DIR)/Pods-movieApp-checkManifestLockResult.txt",
			);
			runOnlyForDeploymentPostprocessing = 0;
			shellPath = /bin/sh;
			shellScript = "diff \"${PODS_PODFILE_DIR_PATH}/Podfile.lock\" \"${PODS_ROOT}/Manifest.lock\" > /dev/null\nif [ $? != 0 ] ; then\n    # print error to STDERR\n    echo \"error: The sandbox is not in sync with the Podfile.lock. Run 'pod install' or update your CocoaPods installation.\" >&2\n    exit 1\nfi\n# This output is used by Xcode 'outputs' to avoid re-running this script phase.\necho \"SUCCESS\" > \"${SCRIPT_OUTPUT_FILE_0}\"\n";
			showEnvVarsInLog = 0;
		};
/* End PBXShellScriptBuildPhase section */

/* Begin PBXSourcesBuildPhase section */
		8A2D106527C983CB0002432C /* Sources */ = {
			isa = PBXSourcesBuildPhase;
			buildActionMask = 2147483647;
			files = (
				8A2D106F27C983CB0002432C /* HomeView.swift in Sources */,
				8AE5001927EB2EDE00D6167D /* VideoService.swift in Sources */,
				8A74041827D784AA003DAA46 /* MovieResponse.swift in Sources */,
				8ABECC5B27C9952E009F0BB7 /* MovieService.swift in Sources */,
				8A6A09CA27D8BDF800B19B4E /* HomeViewModel.swift in Sources */,
				8A0BAE1527E22DD0002DD371 /* DetailsViewModel.swift in Sources */,
				8A2D106D27C983CB0002432C /* MovieApp.swift in Sources */,
				8AFE126527EE101F0098FB48 /* YTPlayerView.swift in Sources */,
				8AB7424327E4D3620004C5BF /* View+Extensions.swift in Sources */,
				8AE5001227EB26C900D6167D /* VideoResponse.swift in Sources */,
				8A0BAE1127E22D95002DD371 /* DetailsView.swift in Sources */,
			);
			runOnlyForDeploymentPostprocessing = 0;
		};
/* End PBXSourcesBuildPhase section */

/* Begin XCBuildConfiguration section */
		8A2D107527C983CD0002432C /* Debug */ = {
			isa = XCBuildConfiguration;
			buildSettings = {
				ALWAYS_SEARCH_USER_PATHS = NO;
				CLANG_ANALYZER_NONNULL = YES;
				CLANG_ANALYZER_NUMBER_OBJECT_CONVERSION = YES_AGGRESSIVE;
				CLANG_CXX_LANGUAGE_STANDARD = "gnu++17";
				CLANG_CXX_LIBRARY = "libc++";
				CLANG_ENABLE_MODULES = YES;
				CLANG_ENABLE_OBJC_ARC = YES;
				CLANG_ENABLE_OBJC_WEAK = YES;
				CLANG_WARN_BLOCK_CAPTURE_AUTORELEASING = YES;
				CLANG_WARN_BOOL_CONVERSION = YES;
				CLANG_WARN_COMMA = YES;
				CLANG_WARN_CONSTANT_CONVERSION = YES;
				CLANG_WARN_DEPRECATED_OBJC_IMPLEMENTATIONS = YES;
				CLANG_WARN_DIRECT_OBJC_ISA_USAGE = YES_ERROR;
				CLANG_WARN_DOCUMENTATION_COMMENTS = YES;
				CLANG_WARN_EMPTY_BODY = YES;
				CLANG_WARN_ENUM_CONVERSION = YES;
				CLANG_WARN_INFINITE_RECURSION = YES;
				CLANG_WARN_INT_CONVERSION = YES;
				CLANG_WARN_NON_LITERAL_NULL_CONVERSION = YES;
				CLANG_WARN_OBJC_IMPLICIT_RETAIN_SELF = YES;
				CLANG_WARN_OBJC_LITERAL_CONVERSION = YES;
				CLANG_WARN_OBJC_ROOT_CLASS = YES_ERROR;
				CLANG_WARN_QUOTED_INCLUDE_IN_FRAMEWORK_HEADER = YES;
				CLANG_WARN_RANGE_LOOP_ANALYSIS = YES;
				CLANG_WARN_STRICT_PROTOTYPES = YES;
				CLANG_WARN_SUSPICIOUS_MOVE = YES;
				CLANG_WARN_UNGUARDED_AVAILABILITY = YES_AGGRESSIVE;
				CLANG_WARN_UNREACHABLE_CODE = YES;
				CLANG_WARN__DUPLICATE_METHOD_MATCH = YES;
				COPY_PHASE_STRIP = NO;
				DEBUG_INFORMATION_FORMAT = dwarf;
				ENABLE_STRICT_OBJC_MSGSEND = YES;
				ENABLE_TESTABILITY = YES;
				GCC_C_LANGUAGE_STANDARD = gnu11;
				GCC_DYNAMIC_NO_PIC = NO;
				GCC_NO_COMMON_BLOCKS = YES;
				GCC_OPTIMIZATION_LEVEL = 0;
				GCC_PREPROCESSOR_DEFINITIONS = (
					"DEBUG=1",
					"$(inherited)",
				);
				GCC_WARN_64_TO_32_BIT_CONVERSION = YES;
				GCC_WARN_ABOUT_RETURN_TYPE = YES_ERROR;
				GCC_WARN_UNDECLARED_SELECTOR = YES;
				GCC_WARN_UNINITIALIZED_AUTOS = YES_AGGRESSIVE;
				GCC_WARN_UNUSED_FUNCTION = YES;
				GCC_WARN_UNUSED_VARIABLE = YES;
				IPHONEOS_DEPLOYMENT_TARGET = 15.2;
				MTL_ENABLE_DEBUG_INFO = INCLUDE_SOURCE;
				MTL_FAST_MATH = YES;
				ONLY_ACTIVE_ARCH = YES;
				SDKROOT = iphoneos;
				SWIFT_ACTIVE_COMPILATION_CONDITIONS = DEBUG;
				SWIFT_OPTIMIZATION_LEVEL = "-Onone";
			};
			name = Debug;
		};
		8A2D107627C983CD0002432C /* Release */ = {
			isa = XCBuildConfiguration;
			buildSettings = {
				ALWAYS_SEARCH_USER_PATHS = NO;
				CLANG_ANALYZER_NONNULL = YES;
				CLANG_ANALYZER_NUMBER_OBJECT_CONVERSION = YES_AGGRESSIVE;
				CLANG_CXX_LANGUAGE_STANDARD = "gnu++17";
				CLANG_CXX_LIBRARY = "libc++";
				CLANG_ENABLE_MODULES = YES;
				CLANG_ENABLE_OBJC_ARC = YES;
				CLANG_ENABLE_OBJC_WEAK = YES;
				CLANG_WARN_BLOCK_CAPTURE_AUTORELEASING = YES;
				CLANG_WARN_BOOL_CONVERSION = YES;
				CLANG_WARN_COMMA = YES;
				CLANG_WARN_CONSTANT_CONVERSION = YES;
				CLANG_WARN_DEPRECATED_OBJC_IMPLEMENTATIONS = YES;
				CLANG_WARN_DIRECT_OBJC_ISA_USAGE = YES_ERROR;
				CLANG_WARN_DOCUMENTATION_COMMENTS = YES;
				CLANG_WARN_EMPTY_BODY = YES;
				CLANG_WARN_ENUM_CONVERSION = YES;
				CLANG_WARN_INFINITE_RECURSION = YES;
				CLANG_WARN_INT_CONVERSION = YES;
				CLANG_WARN_NON_LITERAL_NULL_CONVERSION = YES;
				CLANG_WARN_OBJC_IMPLICIT_RETAIN_SELF = YES;
				CLANG_WARN_OBJC_LITERAL_CONVERSION = YES;
				CLANG_WARN_OBJC_ROOT_CLASS = YES_ERROR;
				CLANG_WARN_QUOTED_INCLUDE_IN_FRAMEWORK_HEADER = YES;
				CLANG_WARN_RANGE_LOOP_ANALYSIS = YES;
				CLANG_WARN_STRICT_PROTOTYPES = YES;
				CLANG_WARN_SUSPICIOUS_MOVE = YES;
				CLANG_WARN_UNGUARDED_AVAILABILITY = YES_AGGRESSIVE;
				CLANG_WARN_UNREACHABLE_CODE = YES;
				CLANG_WARN__DUPLICATE_METHOD_MATCH = YES;
				COPY_PHASE_STRIP = NO;
				DEBUG_INFORMATION_FORMAT = "dwarf-with-dsym";
				ENABLE_NS_ASSERTIONS = NO;
				ENABLE_STRICT_OBJC_MSGSEND = YES;
				GCC_C_LANGUAGE_STANDARD = gnu11;
				GCC_NO_COMMON_BLOCKS = YES;
				GCC_WARN_64_TO_32_BIT_CONVERSION = YES;
				GCC_WARN_ABOUT_RETURN_TYPE = YES_ERROR;
				GCC_WARN_UNDECLARED_SELECTOR = YES;
				GCC_WARN_UNINITIALIZED_AUTOS = YES_AGGRESSIVE;
				GCC_WARN_UNUSED_FUNCTION = YES;
				GCC_WARN_UNUSED_VARIABLE = YES;
				IPHONEOS_DEPLOYMENT_TARGET = 15.2;
				MTL_ENABLE_DEBUG_INFO = NO;
				MTL_FAST_MATH = YES;
				SDKROOT = iphoneos;
				SWIFT_COMPILATION_MODE = wholemodule;
				SWIFT_OPTIMIZATION_LEVEL = "-O";
				VALIDATE_PRODUCT = YES;
			};
			name = Release;
		};
		8A2D107827C983CD0002432C /* Debug */ = {
			isa = XCBuildConfiguration;
			baseConfigurationReference = A3CD7C1D8CCC2B5716C066F5 /* Pods-movieApp.debug.xcconfig */;
			buildSettings = {
				ASSETCATALOG_COMPILER_APPICON_NAME = AppIcon;
				ASSETCATALOG_COMPILER_GLOBAL_ACCENT_COLOR_NAME = AccentColor;
				CODE_SIGN_STYLE = Automatic;
				CURRENT_PROJECT_VERSION = 1;
				DEVELOPMENT_ASSET_PATHS = "\"movieApp/Preview Content\"";
				DEVELOPMENT_TEAM = GGLW8Y2AXF;
				ENABLE_PREVIEWS = YES;
				GENERATE_INFOPLIST_FILE = YES;
				INFOPLIST_KEY_UIApplicationSceneManifest_Generation = YES;
				INFOPLIST_KEY_UIApplicationSupportsIndirectInputEvents = YES;
				INFOPLIST_KEY_UILaunchScreen_Generation = YES;
				INFOPLIST_KEY_UISupportedInterfaceOrientations_iPad = "UIInterfaceOrientationPortrait UIInterfaceOrientationPortraitUpsideDown UIInterfaceOrientationLandscapeLeft UIInterfaceOrientationLandscapeRight";
				INFOPLIST_KEY_UISupportedInterfaceOrientations_iPhone = "UIInterfaceOrientationPortrait UIInterfaceOrientationLandscapeLeft UIInterfaceOrientationLandscapeRight";
				IPHONEOS_DEPLOYMENT_TARGET = 15.0;
				LD_RUNPATH_SEARCH_PATHS = (
					"$(inherited)",
					"@executable_path/Frameworks",
				);
				MARKETING_VERSION = 1.0.0;
				PRODUCT_BUNDLE_IDENTIFIER = com.movieApp2;
				PRODUCT_NAME = "$(TARGET_NAME)";
				SWIFT_EMIT_LOC_STRINGS = YES;
				SWIFT_VERSION = 5.0;
				TARGETED_DEVICE_FAMILY = "1,2";
			};
			name = Debug;
		};
		8A2D107927C983CD0002432C /* Release */ = {
			isa = XCBuildConfiguration;
			baseConfigurationReference = F208B787C396F22975393F03 /* Pods-movieApp.release.xcconfig */;
			buildSettings = {
				ASSETCATALOG_COMPILER_APPICON_NAME = AppIcon;
				ASSETCATALOG_COMPILER_GLOBAL_ACCENT_COLOR_NAME = AccentColor;
				CODE_SIGN_STYLE = Automatic;
				CURRENT_PROJECT_VERSION = 1;
				DEVELOPMENT_ASSET_PATHS = "\"movieApp/Preview Content\"";
				DEVELOPMENT_TEAM = GGLW8Y2AXF;
				ENABLE_PREVIEWS = YES;
				GENERATE_INFOPLIST_FILE = YES;
				INFOPLIST_KEY_UIApplicationSceneManifest_Generation = YES;
				INFOPLIST_KEY_UIApplicationSupportsIndirectInputEvents = YES;
				INFOPLIST_KEY_UILaunchScreen_Generation = YES;
				INFOPLIST_KEY_UISupportedInterfaceOrientations_iPad = "UIInterfaceOrientationPortrait UIInterfaceOrientationPortraitUpsideDown UIInterfaceOrientationLandscapeLeft UIInterfaceOrientationLandscapeRight";
				INFOPLIST_KEY_UISupportedInterfaceOrientations_iPhone = "UIInterfaceOrientationPortrait UIInterfaceOrientationLandscapeLeft UIInterfaceOrientationLandscapeRight";
				IPHONEOS_DEPLOYMENT_TARGET = 15.0;
				LD_RUNPATH_SEARCH_PATHS = (
					"$(inherited)",
					"@executable_path/Frameworks",
				);
				MARKETING_VERSION = 1.0.0;
				PRODUCT_BUNDLE_IDENTIFIER = com.movieApp2;
				PRODUCT_NAME = "$(TARGET_NAME)";
				SWIFT_EMIT_LOC_STRINGS = YES;
				SWIFT_VERSION = 5.0;
				TARGETED_DEVICE_FAMILY = "1,2";
			};
			name = Release;
		};
/* End XCBuildConfiguration section */

/* Begin XCConfigurationList section */
		8A2D106427C983CB0002432C /* Build configuration list for PBXProject "movieApp" */ = {
			isa = XCConfigurationList;
			buildConfigurations = (
				8A2D107527C983CD0002432C /* Debug */,
				8A2D107627C983CD0002432C /* Release */,
			);
			defaultConfigurationIsVisible = 0;
			defaultConfigurationName = Release;
		};
		8A2D107727C983CD0002432C /* Build configuration list for PBXNativeTarget "movieApp" */ = {
			isa = XCConfigurationList;
			buildConfigurations = (
				8A2D107827C983CD0002432C /* Debug */,
				8A2D107927C983CD0002432C /* Release */,
			);
			defaultConfigurationIsVisible = 0;
			defaultConfigurationName = Release;
		};
/* End XCConfigurationList section */

/* Begin XCRemoteSwiftPackageReference section */
		8AFE126027EE0F0C0098FB48 /* XCRemoteSwiftPackageReference "YouTubePlayerKit" */ = {
			isa = XCRemoteSwiftPackageReference;
			repositoryURL = "https://github.com/SvenTiigi/YouTubePlayerKit.git";
			requirement = {
				kind = upToNextMajorVersion;
				minimumVersion = 1.0.0;
			};
		};
/* End XCRemoteSwiftPackageReference section */

/* Begin XCSwiftPackageProductDependency section */
		8AFE126127EE0F0C0098FB48 /* YouTubePlayerKit */ = {
			isa = XCSwiftPackageProductDependency;
			package = 8AFE126027EE0F0C0098FB48 /* XCRemoteSwiftPackageReference "YouTubePlayerKit" */;
			productName = YouTubePlayerKit;
		};
/* End XCSwiftPackageProductDependency section */
	};
	rootObject = 8A2D106127C983CB0002432C /* Project object */;
}
