{
  "pins" : [
    {
      "identity" : "tabbar",
      "kind" : "remoteSourceControl",
      "location" : "https://github.com/onl1ner/TabBar.git",
      "state" : {
        "revision" : "19e72f3b6a4162d65ede480e8e0ab46ba77f7c6f",
        "version" : "1.2.0"
      }
    },
    {
      "identity" : "youtubeplayerkit",
      "kind" : "remoteSourceControl",
      "location" : "https://github.com/SvenTiigi/YouTubePlayerKit.git",
      "state" : {
        "revision" : "1f78a2121f58b393bca54bc0a8da9e9b11cab198",
        "version" : "1.1.9"
      }
    }
  ],
  "version" : 2
}
